
Microsoft Visual Studio Solution File, Format Version 12.00
# Visual Studio Version 17
VisualStudioVersion = 17.8.34511.84
MinimumVisualStudioVersion = 10.0.40219.1
Project("{FAE04EC0-301F-11D3-BF4B-00C04F79EFBC}") = "COMP003A.Lectureactivity7", "COMP003A.Lectureactivity7.csproj", "{10CB6771-43DC-45D6-B1F0-7DF61FF2D1DC}"
EndProject
Global
	GlobalSection(SolutionConfigurationPlatforms) = preSolution
		Debug|Any CPU = Debug|Any CPU
		Release|Any CPU = Release|Any CPU
	EndGlobalSection
	GlobalSection(ProjectConfigurationPlatforms) = postSolution
		{10CB6771-43DC-45D6-B1F0-7DF61FF2D1DC}.Debug|Any CPU.ActiveCfg = Debug|Any CPU
		{10CB6771-43DC-45D6-B1F0-7DF61FF2D1DC}.Debug|Any CPU.Build.0 = Debug|Any CPU
		{10CB6771-43DC-45D6-B1F0-7DF61FF2D1DC}.Release|Any CPU.ActiveCfg = Release|Any CPU
		{10CB6771-43DC-45D6-B1F0-7DF61FF2D1DC}.Release|Any CPU.Build.0 = Release|Any CPU
	EndGlobalSection
	GlobalSection(SolutionProperties) = preSolution
		HideSolutionNode = FALSE
	EndGlobalSection
	GlobalSection(ExtensibilityGlobals) = postSolution
		SolutionGuid = {642D8551-22B9-4968-8C46-686E2F955338}
	EndGlobalSection
EndGlobal
